// !$*UTF8*$!
{
	archiveVersion = 1;
	classes = {
	};
	objectVersion = 46;
	objects = {

/* Begin PBXBuildFile section */
		4A1565681427C8C300A51FA7 /* Cocoa.framework in Frameworks */ = {isa = PBXBuildFile; fileRef = 4A1565671427C8C300A51FA7 /* Cocoa.framework */; };
		4A1565721427C8C300A51FA7 /* InfoPlist.strings in Resources */ = {isa = PBXBuildFile; fileRef = 4A1565701427C8C300A51FA7 /* InfoPlist.strings */; };
		4A1565741427C8C300A51FA7 /* main.m in Sources */ = {isa = PBXBuildFile; fileRef = 4A1565731427C8C300A51FA7 /* main.m */; };
		4A1565781427C8C300A51FA7 /* Credits.rtf in Resources */ = {isa = PBXBuildFile; fileRef = 4A1565761427C8C300A51FA7 /* Credits.rtf */; };
		4A15657B1427C8C300A51FA7 /* ApplicationsAppDelegate.m in Sources */ = {isa = PBXBuildFile; fileRef = 4A15657A1427C8C300A51FA7 /* ApplicationsAppDelegate.m */; };
		4A15657E1427C8C300A51FA7 /* MainMenu.xib in Resources */ = {isa = PBXBuildFile; fileRef = 4A15657C1427C8C300A51FA7 /* MainMenu.xib */; };
		4A2E05E214FCD2ED0050CFC1 /* asn_codecs_prim.c in Sources */ = {isa = PBXBuildFile; fileRef = 4A2E05AE14FCD2ED0050CFC1 /* asn_codecs_prim.c */; };
		4A2E05E314FCD2ED0050CFC1 /* asn_SET_OF.c in Sources */ = {isa = PBXBuildFile; fileRef = 4A2E05B114FCD2ED0050CFC1 /* asn_SET_OF.c */; };
		4A2E05E414FCD2ED0050CFC1 /* ber_decoder.c in Sources */ = {isa = PBXBuildFile; fileRef = 4A2E05B414FCD2ED0050CFC1 /* ber_decoder.c */; };
		4A2E05E514FCD2ED0050CFC1 /* ber_tlv_length.c in Sources */ = {isa = PBXBuildFile; fileRef = 4A2E05B614FCD2ED0050CFC1 /* ber_tlv_length.c */; };
		4A2E05E614FCD2ED0050CFC1 /* ber_tlv_tag.c in Sources */ = {isa = PBXBuildFile; fileRef = 4A2E05B814FCD2ED0050CFC1 /* ber_tlv_tag.c */; };
		4A2E05E714FCD2ED0050CFC1 /* BIT_STRING.c in Sources */ = {isa = PBXBuildFile; fileRef = 4A2E05BA14FCD2ED0050CFC1 /* BIT_STRING.c */; };
		4A2E05E814FCD2ED0050CFC1 /* constr_SEQUENCE.c in Sources */ = {isa = PBXBuildFile; fileRef = 4A2E05BC14FCD2ED0050CFC1 /* constr_SEQUENCE.c */; };
		4A2E05E914FCD2ED0050CFC1 /* constr_SET_OF.c in Sources */ = {isa = PBXBuildFile; fileRef = 4A2E05BE14FCD2ED0050CFC1 /* constr_SET_OF.c */; };
		4A2E05EA14FCD2ED0050CFC1 /* constr_TYPE.c in Sources */ = {isa = PBXBuildFile; fileRef = 4A2E05C014FCD2ED0050CFC1 /* constr_TYPE.c */; };
		4A2E05EB14FCD2ED0050CFC1 /* constraints.c in Sources */ = {isa = PBXBuildFile; fileRef = 4A2E05C214FCD2ED0050CFC1 /* constraints.c */; };
		4A2E05EC14FCD2ED0050CFC1 /* der_encoder.c in Sources */ = {isa = PBXBuildFile; fileRef = 4A2E05C414FCD2ED0050CFC1 /* der_encoder.c */; };
		4A2E05ED14FCD2ED0050CFC1 /* ethernet.c in Sources */ = {isa = PBXBuildFile; fileRef = 4A2E05C614FCD2ED0050CFC1 /* ethernet.c */; };
		4A2E05EE14FCD2ED0050CFC1 /* INTEGER.c in Sources */ = {isa = PBXBuildFile; fileRef = 4A2E05C814FCD2ED0050CFC1 /* INTEGER.c */; };
		4A2E05EF14FCD2ED0050CFC1 /* NativeEnumerated.c in Sources */ = {isa = PBXBuildFile; fileRef = 4A2E05CA14FCD2ED0050CFC1 /* NativeEnumerated.c */; };
		4A2E05F014FCD2ED0050CFC1 /* NativeInteger.c in Sources */ = {isa = PBXBuildFile; fileRef = 4A2E05CC14FCD2ED0050CFC1 /* NativeInteger.c */; };
		4A2E05F114FCD2ED0050CFC1 /* OCTET_STRING.c in Sources */ = {isa = PBXBuildFile; fileRef = 4A2E05CE14FCD2ED0050CFC1 /* OCTET_STRING.c */; };
		4A2E05F214FCD2ED0050CFC1 /* Payload.c in Sources */ = {isa = PBXBuildFile; fileRef = 4A2E05D014FCD2ED0050CFC1 /* Payload.c */; };
		4A2E05F314FCD2ED0050CFC1 /* per_decoder.c in Sources */ = {isa = PBXBuildFile; fileRef = 4A2E05D214FCD2ED0050CFC1 /* per_decoder.c */; };
		4A2E05F414FCD2ED0050CFC1 /* per_encoder.c in Sources */ = {isa = PBXBuildFile; fileRef = 4A2E05D414FCD2ED0050CFC1 /* per_encoder.c */; };
		4A2E05F514FCD2ED0050CFC1 /* per_opentype.c in Sources */ = {isa = PBXBuildFile; fileRef = 4A2E05D614FCD2ED0050CFC1 /* per_opentype.c */; };
		4A2E05F614FCD2ED0050CFC1 /* per_support.c in Sources */ = {isa = PBXBuildFile; fileRef = 4A2E05D814FCD2ED0050CFC1 /* per_support.c */; };
		4A2E05F714FCD2ED0050CFC1 /* ReceiptAttribute.c in Sources */ = {isa = PBXBuildFile; fileRef = 4A2E05DA14FCD2ED0050CFC1 /* ReceiptAttribute.c */; };
		4A2E05F814FCD2ED0050CFC1 /* xer_decoder.c in Sources */ = {isa = PBXBuildFile; fileRef = 4A2E05DC14FCD2ED0050CFC1 /* xer_decoder.c */; };
		4A2E05F914FCD2ED0050CFC1 /* xer_encoder.c in Sources */ = {isa = PBXBuildFile; fileRef = 4A2E05DE14FCD2ED0050CFC1 /* xer_encoder.c */; };
		4A2E05FA14FCD2ED0050CFC1 /* xer_support.c in Sources */ = {isa = PBXBuildFile; fileRef = 4A2E05E014FCD2ED0050CFC1 /* xer_support.c */; };
		4A2E05FB14FCD31C0050CFC1 /* VAValidation.m in Sources */ = {isa = PBXBuildFile; fileRef = 4A2E05A914FCD2E60050CFC1 /* VAValidation.m */; };
		4A2E05FD14FCD37B0050CFC1 /* IOKit.framework in Frameworks */ = {isa = PBXBuildFile; fileRef = 4A2E05FC14FCD37B0050CFC1 /* IOKit.framework */; };
		4A5F48D514EF279800467AF7 /* Security.framework in Frameworks */ = {isa = PBXBuildFile; fileRef = 4A5F48D414EF279800467AF7 /* Security.framework */; };
		4A8AC1B91435FA2A0091A039 /* PopoverController.m in Sources */ = {isa = PBXBuildFile; fileRef = 4A8AC1B71435FA2A0091A039 /* PopoverController.m */; };
		4AAC9B3514372F2600B4EB19 /* VATableView.m in Sources */ = {isa = PBXBuildFile; fileRef = 4AAC9B3414372F2600B4EB19 /* VATableView.m */; };
		4AAFB7B71435B0C8007336EC /* TableController.m in Sources */ = {isa = PBXBuildFile; fileRef = 4AAFB7B61435B0C8007336EC /* TableController.m */; };
		4AB2D163143663FC003D98CD /* DetailsDataSource.m in Sources */ = {isa = PBXBuildFile; fileRef = 4AB2D162143663FC003D98CD /* DetailsDataSource.m */; };
		4ABF36B71427E5E900E61850 /* Icon.icns in Resources */ = {isa = PBXBuildFile; fileRef = 4ABF36B61427E5E900E61850 /* Icon.icns */; };
/* End PBXBuildFile section */

/* Begin PBXFileReference section */
		4A1565631427C8C200A51FA7 /* Applications.app */ = {isa = PBXFileReference; explicitFileType = wrapper.application; includeInIndex = 0; path = Applications.app; sourceTree = BUILT_PRODUCTS_DIR; };
		4A1565671427C8C300A51FA7 /* Cocoa.framework */ = {isa = PBXFileReference; lastKnownFileType = wrapper.framework; name = Cocoa.framework; path = System/Library/Frameworks/Cocoa.framework; sourceTree = SDKROOT; };
		4A15656A1427C8C300A51FA7 /* AppKit.framework */ = {isa = PBXFileReference; lastKnownFileType = wrapper.framework; name = AppKit.framework; path = System/Library/Frameworks/AppKit.framework; sourceTree = SDKROOT; };
		4A15656B1427C8C300A51FA7 /* CoreData.framework */ = {isa = PBXFileReference; lastKnownFileType = wrapper.framework; name = CoreData.framework; path = System/Library/Frameworks/CoreData.framework; sourceTree = SDKROOT; };
		4A15656C1427C8C300A51FA7 /* Foundation.framework */ = {isa = PBXFileReference; lastKnownFileType = wrapper.framework; name = Foundation.framework; path = System/Library/Frameworks/Foundation.framework; sourceTree = SDKROOT; };
		4A15656F1427C8C300A51FA7 /* Applications-Info.plist */ = {isa = PBXFileReference; lastKnownFileType = text.plist.xml; path = "Applications-Info.plist"; sourceTree = "<group>"; };
		4A1565711427C8C300A51FA7 /* en */ = {isa = PBXFileReference; lastKnownFileType = text.plist.strings; name = en; path = en.lproj/InfoPlist.strings; sourceTree = "<group>"; };
		4A1565731427C8C300A51FA7 /* main.m */ = {isa = PBXFileReference; lastKnownFileType = sourcecode.c.objc; path = main.m; sourceTree = "<group>"; };
		4A1565751427C8C300A51FA7 /* Applications-Prefix.pch */ = {isa = PBXFileReference; lastKnownFileType = sourcecode.c.h; path = "Applications-Prefix.pch"; sourceTree = "<group>"; };
		4A1565771427C8C300A51FA7 /* en */ = {isa = PBXFileReference; lastKnownFileType = text.rtf; name = en; path = en.lproj/Credits.rtf; sourceTree = "<group>"; };
		4A1565791427C8C300A51FA7 /* ApplicationsAppDelegate.h */ = {isa = PBXFileReference; lastKnownFileType = sourcecode.c.h; path = ApplicationsAppDelegate.h; sourceTree = "<group>"; };
		4A15657A1427C8C300A51FA7 /* ApplicationsAppDelegate.m */ = {isa = PBXFileReference; lastKnownFileType = sourcecode.c.objc; path = ApplicationsAppDelegate.m; sourceTree = "<group>"; };
		4A15657D1427C8C300A51FA7 /* en */ = {isa = PBXFileReference; lastKnownFileType = file.xib; name = en; path = en.lproj/MainMenu.xib; sourceTree = "<group>"; };
		4A2E05A914FCD2E60050CFC1 /* VAValidation.m */ = {isa = PBXFileReference; lastKnownFileType = sourcecode.c.objc; name = VAValidation.m; path = ../../VAValidation.m; sourceTree = "<group>"; };
		4A2E05AA14FCD2E60050CFC1 /* VAValidation.h */ = {isa = PBXFileReference; lastKnownFileType = sourcecode.c.h; name = VAValidation.h; path = ../../VAValidation.h; sourceTree = "<group>"; };
		4A2E05AC14FCD2ED0050CFC1 /* asn_application.h */ = {isa = PBXFileReference; fileEncoding = 4; lastKnownFileType = sourcecode.c.h; path = asn_application.h; sourceTree = "<group>"; };
		4A2E05AD14FCD2ED0050CFC1 /* asn_codecs.h */ = {isa = PBXFileReference; fileEncoding = 4; lastKnownFileType = sourcecode.c.h; path = asn_codecs.h; sourceTree = "<group>"; };
		4A2E05AE14FCD2ED0050CFC1 /* asn_codecs_prim.c */ = {isa = PBXFileReference; fileEncoding = 4; lastKnownFileType = sourcecode.c.c; path = asn_codecs_prim.c; sourceTree = "<group>"; };
		4A2E05AF14FCD2ED0050CFC1 /* asn_codecs_prim.h */ = {isa = PBXFileReference; fileEncoding = 4; lastKnownFileType = sourcecode.c.h; path = asn_codecs_prim.h; sourceTree = "<group>"; };
		4A2E05B014FCD2ED0050CFC1 /* asn_internal.h */ = {isa = PBXFileReference; fileEncoding = 4; lastKnownFileType = sourcecode.c.h; path = asn_internal.h; sourceTree = "<group>"; };
		4A2E05B114FCD2ED0050CFC1 /* asn_SET_OF.c */ = {isa = PBXFileReference; fileEncoding = 4; lastKnownFileType = sourcecode.c.c; path = asn_SET_OF.c; sourceTree = "<group>"; };
		4A2E05B214FCD2ED0050CFC1 /* asn_SET_OF.h */ = {isa = PBXFileReference; fileEncoding = 4; lastKnownFileType = sourcecode.c.h; path = asn_SET_OF.h; sourceTree = "<group>"; };
		4A2E05B314FCD2ED0050CFC1 /* asn_system.h */ = {isa = PBXFileReference; fileEncoding = 4; lastKnownFileType = sourcecode.c.h; path = asn_system.h; sourceTree = "<group>"; };
		4A2E05B414FCD2ED0050CFC1 /* ber_decoder.c */ = {isa = PBXFileReference; fileEncoding = 4; lastKnownFileType = sourcecode.c.c; path = ber_decoder.c; sourceTree = "<group>"; };
		4A2E05B514FCD2ED0050CFC1 /* ber_decoder.h */ = {isa = PBXFileReference; fileEncoding = 4; lastKnownFileType = sourcecode.c.h; path = ber_decoder.h; sourceTree = "<group>"; };
		4A2E05B614FCD2ED0050CFC1 /* ber_tlv_length.c */ = {isa = PBXFileReference; fileEncoding = 4; lastKnownFileType = sourcecode.c.c; path = ber_tlv_length.c; sourceTree = "<group>"; };
		4A2E05B714FCD2ED0050CFC1 /* ber_tlv_length.h */ = {isa = PBXFileReference; fileEncoding = 4; lastKnownFileType = sourcecode.c.h; path = ber_tlv_length.h; sourceTree = "<group>"; };
		4A2E05B814FCD2ED0050CFC1 /* ber_tlv_tag.c */ = {isa = PBXFileReference; fileEncoding = 4; lastKnownFileType = sourcecode.c.c; path = ber_tlv_tag.c; sourceTree = "<group>"; };
		4A2E05B914FCD2ED0050CFC1 /* ber_tlv_tag.h */ = {isa = PBXFileReference; fileEncoding = 4; lastKnownFileType = sourcecode.c.h; path = ber_tlv_tag.h; sourceTree = "<group>"; };
		4A2E05BA14FCD2ED0050CFC1 /* BIT_STRING.c */ = {isa = PBXFileReference; fileEncoding = 4; lastKnownFileType = sourcecode.c.c; path = BIT_STRING.c; sourceTree = "<group>"; };
		4A2E05BB14FCD2ED0050CFC1 /* BIT_STRING.h */ = {isa = PBXFileReference; fileEncoding = 4; lastKnownFileType = sourcecode.c.h; path = BIT_STRING.h; sourceTree = "<group>"; };
		4A2E05BC14FCD2ED0050CFC1 /* constr_SEQUENCE.c */ = {isa = PBXFileReference; fileEncoding = 4; lastKnownFileType = sourcecode.c.c; path = constr_SEQUENCE.c; sourceTree = "<group>"; };
		4A2E05BD14FCD2ED0050CFC1 /* constr_SEQUENCE.h */ = {isa = PBXFileReference; fileEncoding = 4; lastKnownFileType = sourcecode.c.h; path = constr_SEQUENCE.h; sourceTree = "<group>"; };
		4A2E05BE14FCD2ED0050CFC1 /* constr_SET_OF.c */ = {isa = PBXFileReference; fileEncoding = 4; lastKnownFileType = sourcecode.c.c; path = constr_SET_OF.c; sourceTree = "<group>"; };
		4A2E05BF14FCD2ED0050CFC1 /* constr_SET_OF.h */ = {isa = PBXFileReference; fileEncoding = 4; lastKnownFileType = sourcecode.c.h; path = constr_SET_OF.h; sourceTree = "<group>"; };
		4A2E05C014FCD2ED0050CFC1 /* constr_TYPE.c */ = {isa = PBXFileReference; fileEncoding = 4; lastKnownFileType = sourcecode.c.c; path = constr_TYPE.c; sourceTree = "<group>"; };
		4A2E05C114FCD2ED0050CFC1 /* constr_TYPE.h */ = {isa = PBXFileReference; fileEncoding = 4; lastKnownFileType = sourcecode.c.h; path = constr_TYPE.h; sourceTree = "<group>"; };
		4A2E05C214FCD2ED0050CFC1 /* constraints.c */ = {isa = PBXFileReference; fileEncoding = 4; lastKnownFileType = sourcecode.c.c; path = constraints.c; sourceTree = "<group>"; };
		4A2E05C314FCD2ED0050CFC1 /* constraints.h */ = {isa = PBXFileReference; fileEncoding = 4; lastKnownFileType = sourcecode.c.h; path = constraints.h; sourceTree = "<group>"; };
		4A2E05C414FCD2ED0050CFC1 /* der_encoder.c */ = {isa = PBXFileReference; fileEncoding = 4; lastKnownFileType = sourcecode.c.c; path = der_encoder.c; sourceTree = "<group>"; };
		4A2E05C514FCD2ED0050CFC1 /* der_encoder.h */ = {isa = PBXFileReference; fileEncoding = 4; lastKnownFileType = sourcecode.c.h; path = der_encoder.h; sourceTree = "<group>"; };
		4A2E05C614FCD2ED0050CFC1 /* ethernet.c */ = {isa = PBXFileReference; fileEncoding = 4; lastKnownFileType = sourcecode.c.c; path = ethernet.c; sourceTree = "<group>"; };
		4A2E05C714FCD2ED0050CFC1 /* ethernet.h */ = {isa = PBXFileReference; fileEncoding = 4; lastKnownFileType = sourcecode.c.h; path = ethernet.h; sourceTree = "<group>"; };
		4A2E05C814FCD2ED0050CFC1 /* INTEGER.c */ = {isa = PBXFileReference; fileEncoding = 4; lastKnownFileType = sourcecode.c.c; path = INTEGER.c; sourceTree = "<group>"; };
		4A2E05C914FCD2ED0050CFC1 /* INTEGER.h */ = {isa = PBXFileReference; fileEncoding = 4; lastKnownFileType = sourcecode.c.h; path = INTEGER.h; sourceTree = "<group>"; };
		4A2E05CA14FCD2ED0050CFC1 /* NativeEnumerated.c */ = {isa = PBXFileReference; fileEncoding = 4; lastKnownFileType = sourcecode.c.c; path = NativeEnumerated.c; sourceTree = "<group>"; };
		4A2E05CB14FCD2ED0050CFC1 /* NativeEnumerated.h */ = {isa = PBXFileReference; fileEncoding = 4; lastKnownFileType = sourcecode.c.h; path = NativeEnumerated.h; sourceTree = "<group>"; };
		4A2E05CC14FCD2ED0050CFC1 /* NativeInteger.c */ = {isa = PBXFileReference; fileEncoding = 4; lastKnownFileType = sourcecode.c.c; path = NativeInteger.c; sourceTree = "<group>"; };
		4A2E05CD14FCD2ED0050CFC1 /* NativeInteger.h */ = {isa = PBXFileReference; fileEncoding = 4; lastKnownFileType = sourcecode.c.h; path = NativeInteger.h; sourceTree = "<group>"; };
		4A2E05CE14FCD2ED0050CFC1 /* OCTET_STRING.c */ = {isa = PBXFileReference; fileEncoding = 4; lastKnownFileType = sourcecode.c.c; path = OCTET_STRING.c; sourceTree = "<group>"; };
		4A2E05CF14FCD2ED0050CFC1 /* OCTET_STRING.h */ = {isa = PBXFileReference; fileEncoding = 4; lastKnownFileType = sourcecode.c.h; path = OCTET_STRING.h; sourceTree = "<group>"; };
		4A2E05D014FCD2ED0050CFC1 /* Payload.c */ = {isa = PBXFileReference; fileEncoding = 4; lastKnownFileType = sourcecode.c.c; path = Payload.c; sourceTree = "<group>"; };
		4A2E05D114FCD2ED0050CFC1 /* Payload.h */ = {isa = PBXFileReference; fileEncoding = 4; lastKnownFileType = sourcecode.c.h; path = Payload.h; sourceTree = "<group>"; };
		4A2E05D214FCD2ED0050CFC1 /* per_decoder.c */ = {isa = PBXFileReference; fileEncoding = 4; lastKnownFileType = sourcecode.c.c; path = per_decoder.c; sourceTree = "<group>"; };
		4A2E05D314FCD2ED0050CFC1 /* per_decoder.h */ = {isa = PBXFileReference; fileEncoding = 4; lastKnownFileType = sourcecode.c.h; path = per_decoder.h; sourceTree = "<group>"; };
		4A2E05D414FCD2ED0050CFC1 /* per_encoder.c */ = {isa = PBXFileReference; fileEncoding = 4; lastKnownFileType = sourcecode.c.c; path = per_encoder.c; sourceTree = "<group>"; };
		4A2E05D514FCD2ED0050CFC1 /* per_encoder.h */ = {isa = PBXFileReference; fileEncoding = 4; lastKnownFileType = sourcecode.c.h; path = per_encoder.h; sourceTree = "<group>"; };
		4A2E05D614FCD2ED0050CFC1 /* per_opentype.c */ = {isa = PBXFileReference; fileEncoding = 4; lastKnownFileType = sourcecode.c.c; path = per_opentype.c; sourceTree = "<group>"; };
		4A2E05D714FCD2ED0050CFC1 /* per_opentype.h */ = {isa = PBXFileReference; fileEncoding = 4; lastKnownFileType = sourcecode.c.h; path = per_opentype.h; sourceTree = "<group>"; };
		4A2E05D814FCD2ED0050CFC1 /* per_support.c */ = {isa = PBXFileReference; fileEncoding = 4; lastKnownFileType = sourcecode.c.c; path = per_support.c; sourceTree = "<group>"; };
		4A2E05D914FCD2ED0050CFC1 /* per_support.h */ = {isa = PBXFileReference; fileEncoding = 4; lastKnownFileType = sourcecode.c.h; path = per_support.h; sourceTree = "<group>"; };
		4A2E05DA14FCD2ED0050CFC1 /* ReceiptAttribute.c */ = {isa = PBXFileReference; fileEncoding = 4; lastKnownFileType = sourcecode.c.c; path = ReceiptAttribute.c; sourceTree = "<group>"; };
		4A2E05DB14FCD2ED0050CFC1 /* ReceiptAttribute.h */ = {isa = PBXFileReference; fileEncoding = 4; lastKnownFileType = sourcecode.c.h; path = ReceiptAttribute.h; sourceTree = "<group>"; };
		4A2E05DC14FCD2ED0050CFC1 /* xer_decoder.c */ = {isa = PBXFileReference; fileEncoding = 4; lastKnownFileType = sourcecode.c.c; path = xer_decoder.c; sourceTree = "<group>"; };
		4A2E05DD14FCD2ED0050CFC1 /* xer_decoder.h */ = {isa = PBXFileReference; fileEncoding = 4; lastKnownFileType = sourcecode.c.h; path = xer_decoder.h; sourceTree = "<group>"; };
		4A2E05DE14FCD2ED0050CFC1 /* xer_encoder.c */ = {isa = PBXFileReference; fileEncoding = 4; lastKnownFileType = sourcecode.c.c; path = xer_encoder.c; sourceTree = "<group>"; };
		4A2E05DF14FCD2ED0050CFC1 /* xer_encoder.h */ = {isa = PBXFileReference; fileEncoding = 4; lastKnownFileType = sourcecode.c.h; path = xer_encoder.h; sourceTree = "<group>"; };
		4A2E05E014FCD2ED0050CFC1 /* xer_support.c */ = {isa = PBXFileReference; fileEncoding = 4; lastKnownFileType = sourcecode.c.c; path = xer_support.c; sourceTree = "<group>"; };
		4A2E05E114FCD2ED0050CFC1 /* xer_support.h */ = {isa = PBXFileReference; fileEncoding = 4; lastKnownFileType = sourcecode.c.h; path = xer_support.h; sourceTree = "<group>"; };
		4A2E05FC14FCD37B0050CFC1 /* IOKit.framework */ = {isa = PBXFileReference; lastKnownFileType = wrapper.framework; name = IOKit.framework; path = System/Library/Frameworks/IOKit.framework; sourceTree = SDKROOT; };
		4A5F48D414EF279800467AF7 /* Security.framework */ = {isa = PBXFileReference; lastKnownFileType = wrapper.framework; name = Security.framework; path = System/Library/Frameworks/Security.framework; sourceTree = SDKROOT; };
		4A8AC1B61435FA2A0091A039 /* PopoverController.h */ = {isa = PBXFileReference; fileEncoding = 4; lastKnownFileType = sourcecode.c.h; path = PopoverController.h; sourceTree = "<group>"; };
		4A8AC1B71435FA2A0091A039 /* PopoverController.m */ = {isa = PBXFileReference; fileEncoding = 4; lastKnownFileType = sourcecode.c.objc; path = PopoverController.m; sourceTree = "<group>"; };
		4AAC9B3314372F2600B4EB19 /* VATableView.h */ = {isa = PBXFileReference; fileEncoding = 4; lastKnownFileType = sourcecode.c.h; name = VATableView.h; path = ../../Loadables/VATableView.h; sourceTree = "<group>"; };
		4AAC9B3414372F2600B4EB19 /* VATableView.m */ = {isa = PBXFileReference; fileEncoding = 4; lastKnownFileType = sourcecode.c.objc; name = VATableView.m; path = ../../Loadables/VATableView.m; sourceTree = "<group>"; };
		4AAFB7B61435B0C8007336EC /* TableController.m */ = {isa = PBXFileReference; fileEncoding = 4; lastKnownFileType = sourcecode.c.objc; path = TableController.m; sourceTree = "<group>"; };
		4AAFB7B81435B0CE007336EC /* TableController.h */ = {isa = PBXFileReference; fileEncoding = 4; lastKnownFileType = sourcecode.c.h; path = TableController.h; sourceTree = "<group>"; };
		4AB2D161143663F2003D98CD /* DetailsDataSource.h */ = {isa = PBXFileReference; fileEncoding = 4; lastKnownFileType = sourcecode.c.h; name = DetailsDataSource.h; path = ../../Loadables/DetailsDataSource.h; sourceTree = "<group>"; };
		4AB2D162143663FC003D98CD /* DetailsDataSource.m */ = {isa = PBXFileReference; fileEncoding = 4; lastKnownFileType = sourcecode.c.objc; name = DetailsDataSource.m; path = ../../Loadables/DetailsDataSource.m; sourceTree = "<group>"; };
		4ABF36B61427E5E900E61850 /* Icon.icns */ = {isa = PBXFileReference; lastKnownFileType = image.icns; path = Icon.icns; sourceTree = "<group>"; };
/* End PBXFileReference section */

/* Begin PBXFrameworksBuildPhase section */
		4A1565601427C8C200A51FA7 /* Frameworks */ = {
			isa = PBXFrameworksBuildPhase;
			buildActionMask = 2147483647;
			files = (
				4A1565681427C8C300A51FA7 /* Cocoa.framework in Frameworks */,
				4A5F48D514EF279800467AF7 /* Security.framework in Frameworks */,
				4A2E05FD14FCD37B0050CFC1 /* IOKit.framework in Frameworks */,
			);
			runOnlyForDeploymentPostprocessing = 0;
		};
/* End PBXFrameworksBuildPhase section */

/* Begin PBXGroup section */
		4A1565581427C8C200A51FA7 = {
			isa = PBXGroup;
			children = (
				4A2E05AB14FCD2ED0050CFC1 /* asn1 */,
				4AB2D15F143663D2003D98CD /* linked */,
				4A15656D1427C8C300A51FA7 /* Applications */,
				4A1565661427C8C300A51FA7 /* Frameworks */,
				4A1565641427C8C200A51FA7 /* Products */,
			);
			sourceTree = "<group>";
		};
		4A1565641427C8C200A51FA7 /* Products */ = {
			isa = PBXGroup;
			children = (
				4A1565631427C8C200A51FA7 /* Applications.app */,
			);
			name = Products;
			sourceTree = "<group>";
		};
		4A1565661427C8C300A51FA7 /* Frameworks */ = {
			isa = PBXGroup;
			children = (
				4A2E05FC14FCD37B0050CFC1 /* IOKit.framework */,
				4A5F48D414EF279800467AF7 /* Security.framework */,
				4A1565671427C8C300A51FA7 /* Cocoa.framework */,
				4A1565691427C8C300A51FA7 /* Other Frameworks */,
			);
			name = Frameworks;
			sourceTree = "<group>";
		};
		4A1565691427C8C300A51FA7 /* Other Frameworks */ = {
			isa = PBXGroup;
			children = (
				4A15656A1427C8C300A51FA7 /* AppKit.framework */,
				4A15656B1427C8C300A51FA7 /* CoreData.framework */,
				4A15656C1427C8C300A51FA7 /* Foundation.framework */,
			);
			name = "Other Frameworks";
			sourceTree = "<group>";
		};
		4A15656D1427C8C300A51FA7 /* Applications */ = {
			isa = PBXGroup;
			children = (
				4A1565791427C8C300A51FA7 /* ApplicationsAppDelegate.h */,
				4A15657A1427C8C300A51FA7 /* ApplicationsAppDelegate.m */,
				4AAFB7B81435B0CE007336EC /* TableController.h */,
				4AAFB7B61435B0C8007336EC /* TableController.m */,
				4A8AC1B61435FA2A0091A039 /* PopoverController.h */,
				4A8AC1B71435FA2A0091A039 /* PopoverController.m */,
				4A15657C1427C8C300A51FA7 /* MainMenu.xib */,
				4A15656E1427C8C300A51FA7 /* Supporting Files */,
			);
			path = Applications;
			sourceTree = "<group>";
		};
		4A15656E1427C8C300A51FA7 /* Supporting Files */ = {
			isa = PBXGroup;
			children = (
				4ABF36B61427E5E900E61850 /* Icon.icns */,
				4A15656F1427C8C300A51FA7 /* Applications-Info.plist */,
				4A1565701427C8C300A51FA7 /* InfoPlist.strings */,
				4A1565731427C8C300A51FA7 /* main.m */,
				4A1565751427C8C300A51FA7 /* Applications-Prefix.pch */,
				4A1565761427C8C300A51FA7 /* Credits.rtf */,
			);
			name = "Supporting Files";
			sourceTree = "<group>";
		};
		4A2E05AB14FCD2ED0050CFC1 /* asn1 */ = {
			isa = PBXGroup;
			children = (
				4A2E05AC14FCD2ED0050CFC1 /* asn_application.h */,
				4A2E05AD14FCD2ED0050CFC1 /* asn_codecs.h */,
				4A2E05AE14FCD2ED0050CFC1 /* asn_codecs_prim.c */,
				4A2E05AF14FCD2ED0050CFC1 /* asn_codecs_prim.h */,
				4A2E05B014FCD2ED0050CFC1 /* asn_internal.h */,
				4A2E05B114FCD2ED0050CFC1 /* asn_SET_OF.c */,
				4A2E05B214FCD2ED0050CFC1 /* asn_SET_OF.h */,
				4A2E05B314FCD2ED0050CFC1 /* asn_system.h */,
				4A2E05B414FCD2ED0050CFC1 /* ber_decoder.c */,
				4A2E05B514FCD2ED0050CFC1 /* ber_decoder.h */,
				4A2E05B614FCD2ED0050CFC1 /* ber_tlv_length.c */,
				4A2E05B714FCD2ED0050CFC1 /* ber_tlv_length.h */,
				4A2E05B814FCD2ED0050CFC1 /* ber_tlv_tag.c */,
				4A2E05B914FCD2ED0050CFC1 /* ber_tlv_tag.h */,
				4A2E05BA14FCD2ED0050CFC1 /* BIT_STRING.c */,
				4A2E05BB14FCD2ED0050CFC1 /* BIT_STRING.h */,
				4A2E05BC14FCD2ED0050CFC1 /* constr_SEQUENCE.c */,
				4A2E05BD14FCD2ED0050CFC1 /* constr_SEQUENCE.h */,
				4A2E05BE14FCD2ED0050CFC1 /* constr_SET_OF.c */,
				4A2E05BF14FCD2ED0050CFC1 /* constr_SET_OF.h */,
				4A2E05C014FCD2ED0050CFC1 /* constr_TYPE.c */,
				4A2E05C114FCD2ED0050CFC1 /* constr_TYPE.h */,
				4A2E05C214FCD2ED0050CFC1 /* constraints.c */,
				4A2E05C314FCD2ED0050CFC1 /* constraints.h */,
				4A2E05C414FCD2ED0050CFC1 /* der_encoder.c */,
				4A2E05C514FCD2ED0050CFC1 /* der_encoder.h */,
				4A2E05C614FCD2ED0050CFC1 /* ethernet.c */,
				4A2E05C714FCD2ED0050CFC1 /* ethernet.h */,
				4A2E05C814FCD2ED0050CFC1 /* INTEGER.c */,
				4A2E05C914FCD2ED0050CFC1 /* INTEGER.h */,
				4A2E05CA14FCD2ED0050CFC1 /* NativeEnumerated.c */,
				4A2E05CB14FCD2ED0050CFC1 /* NativeEnumerated.h */,
				4A2E05CC14FCD2ED0050CFC1 /* NativeInteger.c */,
				4A2E05CD14FCD2ED0050CFC1 /* NativeInteger.h */,
				4A2E05CE14FCD2ED0050CFC1 /* OCTET_STRING.c */,
				4A2E05CF14FCD2ED0050CFC1 /* OCTET_STRING.h */,
				4A2E05D014FCD2ED0050CFC1 /* Payload.c */,
				4A2E05D114FCD2ED0050CFC1 /* Payload.h */,
				4A2E05D214FCD2ED0050CFC1 /* per_decoder.c */,
				4A2E05D314FCD2ED0050CFC1 /* per_decoder.h */,
				4A2E05D414FCD2ED0050CFC1 /* per_encoder.c */,
				4A2E05D514FCD2ED0050CFC1 /* per_encoder.h */,
				4A2E05D614FCD2ED0050CFC1 /* per_opentype.c */,
				4A2E05D714FCD2ED0050CFC1 /* per_opentype.h */,
				4A2E05D814FCD2ED0050CFC1 /* per_support.c */,
				4A2E05D914FCD2ED0050CFC1 /* per_support.h */,
				4A2E05DA14FCD2ED0050CFC1 /* ReceiptAttribute.c */,
				4A2E05DB14FCD2ED0050CFC1 /* ReceiptAttribute.h */,
				4A2E05DC14FCD2ED0050CFC1 /* xer_decoder.c */,
				4A2E05DD14FCD2ED0050CFC1 /* xer_decoder.h */,
				4A2E05DE14FCD2ED0050CFC1 /* xer_encoder.c */,
				4A2E05DF14FCD2ED0050CFC1 /* xer_encoder.h */,
				4A2E05E014FCD2ED0050CFC1 /* xer_support.c */,
				4A2E05E114FCD2ED0050CFC1 /* xer_support.h */,
			);
			name = asn1;
			path = "../@tmp/asn1";
			sourceTree = "<group>";
		};
		4AB2D15F143663D2003D98CD /* linked */ = {
			isa = PBXGroup;
			children = (
				4A2E05A914FCD2E60050CFC1 /* VAValidation.m */,
				4A2E05AA14FCD2E60050CFC1 /* VAValidation.h */,
				4AAC9B3314372F2600B4EB19 /* VATableView.h */,
				4AAC9B3414372F2600B4EB19 /* VATableView.m */,
				4AB2D161143663F2003D98CD /* DetailsDataSource.h */,
				4AB2D162143663FC003D98CD /* DetailsDataSource.m */,
			);
			name = linked;
			path = Applications;
			sourceTree = "<group>";
		};
/* End PBXGroup section */

/* Begin PBXNativeTarget section */
		4A1565621427C8C200A51FA7 /* Applications */ = {
			isa = PBXNativeTarget;
			buildConfigurationList = 4A1565811427C8C300A51FA7 /* Build configuration list for PBXNativeTarget "Applications" */;
			buildPhases = (
				4A15655F1427C8C200A51FA7 /* Sources */,
				4A1565601427C8C200A51FA7 /* Frameworks */,
				4A1565611427C8C200A51FA7 /* Resources */,
			);
			buildRules = (
			);
			dependencies = (
			);
			name = Applications;
			productName = Applications;
			productReference = 4A1565631427C8C200A51FA7 /* Applications.app */;
			productType = "com.apple.product-type.application";
		};
/* End PBXNativeTarget section */

/* Begin PBXProject section */
		4A15655A1427C8C200A51FA7 /* Project object */ = {
			isa = PBXProject;
			attributes = {
				LastUpgradeCheck = 0430;
			};
			buildConfigurationList = 4A15655D1427C8C200A51FA7 /* Build configuration list for PBXProject "Applications" */;
			compatibilityVersion = "Xcode 3.2";
			developmentRegion = English;
			hasScannedForEncodings = 0;
			knownRegions = (
				en,
			);
			mainGroup = 4A1565581427C8C200A51FA7;
			productRefGroup = 4A1565641427C8C200A51FA7 /* Products */;
			projectDirPath = "";
			projectRoot = "";
			targets = (
				4A1565621427C8C200A51FA7 /* Applications */,
			);
		};
/* End PBXProject section */

/* Begin PBXResourcesBuildPhase section */
		4A1565611427C8C200A51FA7 /* Resources */ = {
			isa = PBXResourcesBuildPhase;
			buildActionMask = 2147483647;
			files = (
				4A1565721427C8C300A51FA7 /* InfoPlist.strings in Resources */,
				4A1565781427C8C300A51FA7 /* Credits.rtf in Resources */,
				4A15657E1427C8C300A51FA7 /* MainMenu.xib in Resources */,
				4ABF36B71427E5E900E61850 /* Icon.icns in Resources */,
			);
			runOnlyForDeploymentPostprocessing = 0;
		};
/* End PBXResourcesBuildPhase section */

/* Begin PBXSourcesBuildPhase section */
		4A15655F1427C8C200A51FA7 /* Sources */ = {
			isa = PBXSourcesBuildPhase;
			buildActionMask = 2147483647;
			files = (
				4A2E05FB14FCD31C0050CFC1 /* VAValidation.m in Sources */,
				4A1565741427C8C300A51FA7 /* main.m in Sources */,
				4A15657B1427C8C300A51FA7 /* ApplicationsAppDelegate.m in Sources */,
				4AAFB7B71435B0C8007336EC /* TableController.m in Sources */,
				4A8AC1B91435FA2A0091A039 /* PopoverController.m in Sources */,
				4AB2D163143663FC003D98CD /* DetailsDataSource.m in Sources */,
				4AAC9B3514372F2600B4EB19 /* VATableView.m in Sources */,
				4A2E05E214FCD2ED0050CFC1 /* asn_codecs_prim.c in Sources */,
				4A2E05E314FCD2ED0050CFC1 /* asn_SET_OF.c in Sources */,
				4A2E05E414FCD2ED0050CFC1 /* ber_decoder.c in Sources */,
				4A2E05E514FCD2ED0050CFC1 /* ber_tlv_length.c in Sources */,
				4A2E05E614FCD2ED0050CFC1 /* ber_tlv_tag.c in Sources */,
				4A2E05E714FCD2ED0050CFC1 /* BIT_STRING.c in Sources */,
				4A2E05E814FCD2ED0050CFC1 /* constr_SEQUENCE.c in Sources */,
				4A2E05E914FCD2ED0050CFC1 /* constr_SET_OF.c in Sources */,
				4A2E05EA14FCD2ED0050CFC1 /* constr_TYPE.c in Sources */,
				4A2E05EB14FCD2ED0050CFC1 /* constraints.c in Sources */,
				4A2E05EC14FCD2ED0050CFC1 /* der_encoder.c in Sources */,
				4A2E05ED14FCD2ED0050CFC1 /* ethernet.c in Sources */,
				4A2E05EE14FCD2ED0050CFC1 /* INTEGER.c in Sources */,
				4A2E05EF14FCD2ED0050CFC1 /* NativeEnumerated.c in Sources */,
				4A2E05F014FCD2ED0050CFC1 /* NativeInteger.c in Sources */,
				4A2E05F114FCD2ED0050CFC1 /* OCTET_STRING.c in Sources */,
				4A2E05F214FCD2ED0050CFC1 /* Payload.c in Sources */,
				4A2E05F314FCD2ED0050CFC1 /* per_decoder.c in Sources */,
				4A2E05F414FCD2ED0050CFC1 /* per_encoder.c in Sources */,
				4A2E05F514FCD2ED0050CFC1 /* per_opentype.c in Sources */,
				4A2E05F614FCD2ED0050CFC1 /* per_support.c in Sources */,
				4A2E05F714FCD2ED0050CFC1 /* ReceiptAttribute.c in Sources */,
				4A2E05F814FCD2ED0050CFC1 /* xer_decoder.c in Sources */,
				4A2E05F914FCD2ED0050CFC1 /* xer_encoder.c in Sources */,
				4A2E05FA14FCD2ED0050CFC1 /* xer_support.c in Sources */,
			);
			runOnlyForDeploymentPostprocessing = 0;
		};
/* End PBXSourcesBuildPhase section */

/* Begin PBXVariantGroup section */
		4A1565701427C8C300A51FA7 /* InfoPlist.strings */ = {
			isa = PBXVariantGroup;
			children = (
				4A1565711427C8C300A51FA7 /* en */,
			);
			name = InfoPlist.strings;
			sourceTree = "<group>";
		};
		4A1565761427C8C300A51FA7 /* Credits.rtf */ = {
			isa = PBXVariantGroup;
			children = (
				4A1565771427C8C300A51FA7 /* en */,
			);
			name = Credits.rtf;
			sourceTree = "<group>";
		};
		4A15657C1427C8C300A51FA7 /* MainMenu.xib */ = {
			isa = PBXVariantGroup;
			children = (
				4A15657D1427C8C300A51FA7 /* en */,
			);
			name = MainMenu.xib;
			sourceTree = "<group>";
		};
/* End PBXVariantGroup section */

/* Begin XCBuildConfiguration section */
		4A15657F1427C8C300A51FA7 /* Debug */ = {
			isa = XCBuildConfiguration;
			buildSettings = {
				ALWAYS_SEARCH_USER_PATHS = NO;
				ARCHS = "$(ARCHS_STANDARD_64_BIT)";
				CODE_SIGN_IDENTITY = "Developer ID Application: Vlad Alexa";
				COPY_PHASE_STRIP = NO;
				GCC_C_LANGUAGE_STANDARD = gnu99;
				GCC_DYNAMIC_NO_PIC = NO;
				GCC_ENABLE_OBJC_EXCEPTIONS = YES;
				GCC_OPTIMIZATION_LEVEL = 0;
				GCC_PREPROCESSOR_DEFINITIONS = (
					"DEBUG=1",
					"$(inherited)",
				);
				GCC_SYMBOLS_PRIVATE_EXTERN = NO;
				GCC_VERSION = com.apple.compilers.llvm.clang.1_0;
				GCC_WARN_64_TO_32_BIT_CONVERSION = YES;
				GCC_WARN_ABOUT_MISSING_PROTOTYPES = YES;
				GCC_WARN_ABOUT_RETURN_TYPE = YES;
				GCC_WARN_UNUSED_VARIABLE = YES;
				MACOSX_DEPLOYMENT_TARGET = 10.7;
				ONLY_ACTIVE_ARCH = YES;
				PROVISIONING_PROFILE = "";
				SDKROOT = macosx;
			};
			name = Debug;
		};
		4A1565801427C8C300A51FA7 /* Release */ = {
			isa = XCBuildConfiguration;
			buildSettings = {
				ALWAYS_SEARCH_USER_PATHS = NO;
				ARCHS = "$(ARCHS_STANDARD_64_BIT)";
				CODE_SIGN_IDENTITY = "Developer ID Application: Vlad Alexa";
				COPY_PHASE_STRIP = YES;
				DEBUG_INFORMATION_FORMAT = "dwarf-with-dsym";
				GCC_C_LANGUAGE_STANDARD = gnu99;
				GCC_ENABLE_OBJC_EXCEPTIONS = YES;
				GCC_VERSION = com.apple.compilers.llvm.clang.1_0;
				GCC_WARN_64_TO_32_BIT_CONVERSION = YES;
				GCC_WARN_ABOUT_MISSING_PROTOTYPES = YES;
				GCC_WARN_ABOUT_RETURN_TYPE = YES;
				GCC_WARN_UNUSED_VARIABLE = YES;
				MACOSX_DEPLOYMENT_TARGET = 10.7;
				PROVISIONING_PROFILE = "";
				SDKROOT = macosx;
			};
			name = Release;
		};
		4A1565821427C8C300A51FA7 /* Debug */ = {
			isa = XCBuildConfiguration;
			buildSettings = {
				CODE_SIGN_IDENTITY = "Mac Developer";
				GCC_PRECOMPILE_PREFIX_HEADER = YES;
				GCC_PREFIX_HEADER = "Applications/Applications-Prefix.pch";
				INFOPLIST_FILE = "Applications/Applications-Info.plist";
				OTHER_LDFLAGS = "-lcrypto";
				PRODUCT_NAME = "$(TARGET_NAME)";
				PROVISIONING_PROFILE = "";
				WRAPPER_EXTENSION = app;
			};
			name = Debug;
		};
		4A1565831427C8C300A51FA7 /* Release */ = {
			isa = XCBuildConfiguration;
			buildSettings = {
				CODE_SIGN_IDENTITY = "3rd Party Mac Developer Application";
				GCC_PRECOMPILE_PREFIX_HEADER = YES;
				GCC_PREFIX_HEADER = "Applications/Applications-Prefix.pch";
				INFOPLIST_FILE = "Applications/Applications-Info.plist";
				OTHER_LDFLAGS = "-lcrypto";
				PRODUCT_NAME = "$(TARGET_NAME)";
				PROVISIONING_PROFILE = "";
				WRAPPER_EXTENSION = app;
			};
			name = Release;
		};
/* End XCBuildConfiguration section */

/* Begin XCConfigurationList section */
		4A15655D1427C8C200A51FA7 /* Build configuration list for PBXProject "Applications" */ = {
			isa = XCConfigurationList;
			buildConfigurations = (
				4A15657F1427C8C300A51FA7 /* Debug */,
				4A1565801427C8C300A51FA7 /* Release */,
			);
			defaultConfigurationIsVisible = 0;
			defaultConfigurationName = Release;
		};
		4A1565811427C8C300A51FA7 /* Build configuration list for PBXNativeTarget "Applications" */ = {
			isa = XCConfigurationList;
			buildConfigurations = (
				4A1565821427C8C300A51FA7 /* Debug */,
				4A1565831427C8C300A51FA7 /* Release */,
			);
			defaultConfigurationIsVisible = 0;
			defaultConfigurationName = Release;
		};
/* End XCConfigurationList section */
	};
	rootObject = 4A15655A1427C8C200A51FA7 /* Project object */;
}
